
Microsoft Visual Studio Solution File, Format Version 12.00
# Visual Studio Version 17
VisualStudioVersion = 17.6.33829.357
MinimumVisualStudioVersion = 10.0.40219.1
Project("{9A19103F-16F7-4668-BE54-9A1E7A4F7556}") = "JeuSAE", "JeuSAE\JeuSAE.csproj", "{DA79B696-0FA4-41A3-B12E-CCD96DC17670}"
EndProject
Global
	GlobalSection(SolutionConfigurationPlatforms) = preSolution
		Debug|Any CPU = Debug|Any CPU
		Debug|ARM64 = Debug|ARM64
		Release|Any CPU = Release|Any CPU
		Release|ARM64 = Release|ARM64
	EndGlobalSection
	GlobalSection(ProjectConfigurationPlatforms) = postSolution
		{DA79B696-0FA4-41A3-B12E-CCD96DC17670}.Debug|Any CPU.ActiveCfg = Debug|Any CPU
		{DA79B696-0FA4-41A3-B12E-CCD96DC17670}.Debug|Any CPU.Build.0 = Debug|Any CPU
		{DA79B696-0FA4-41A3-B12E-CCD96DC17670}.Debug|ARM64.ActiveCfg = Debug|ARM64
		{DA79B696-0FA4-41A3-B12E-CCD96DC17670}.Debug|ARM64.Build.0 = Debug|ARM64
		{DA79B696-0FA4-41A3-B12E-CCD96DC17670}.Release|Any CPU.ActiveCfg = Release|Any CPU
		{DA79B696-0FA4-41A3-B12E-CCD96DC17670}.Release|Any CPU.Build.0 = Release|Any CPU
		{DA79B696-0FA4-41A3-B12E-CCD96DC17670}.Release|ARM64.ActiveCfg = Release|ARM64
		{DA79B696-0FA4-41A3-B12E-CCD96DC17670}.Release|ARM64.Build.0 = Release|ARM64
	EndGlobalSection
	GlobalSection(SolutionProperties) = preSolution
		HideSolutionNode = FALSE
	EndGlobalSection
	GlobalSection(ExtensibilityGlobals) = postSolution
		SolutionGuid = {09565B1A-6D93-4959-A6FA-47F3C7689078}
	EndGlobalSection
EndGlobal
